
Microsoft Visual Studio Solution File, Format Version 12.00
# Visual Studio 15
VisualStudioVersion = 15.0.27004.2006
MinimumVisualStudioVersion = 10.0.40219.1
Project("{FAE04EC0-301F-11D3-BF4B-00C04F79EFBC}") = "Denali.Web", "Denali.Web\Denali.Web.csproj", "{7AE66828-380D-4EAC-8FED-CE21AA42D1DA}"
EndProject
Project("{E53339B2-1760-4266-BCC7-CA923CBCF16C}") = "docker-compose", "docker-compose.dcproj", "{D1FE38E9-E99A-4690-A7E6-638D08BC5485}"
EndProject
Project("{FAE04EC0-301F-11D3-BF4B-00C04F79EFBC}") = "Denali.UnitTests", "Denali.UnitTests\Denali.UnitTests.csproj", "{0E79FB7D-52DA-4429-A1CF-388F87461423}"
EndProject
Global
	GlobalSection(SolutionConfigurationPlatforms) = preSolution
		Debug|Any CPU = Debug|Any CPU
		Release|Any CPU = Release|Any CPU
	EndGlobalSection
	GlobalSection(ProjectConfigurationPlatforms) = postSolution
		{7AE66828-380D-4EAC-8FED-CE21AA42D1DA}.Debug|Any CPU.ActiveCfg = Debug|Any CPU
		{7AE66828-380D-4EAC-8FED-CE21AA42D1DA}.Debug|Any CPU.Build.0 = Debug|Any CPU
		{7AE66828-380D-4EAC-8FED-CE21AA42D1DA}.Release|Any CPU.ActiveCfg = Release|Any CPU
		{7AE66828-380D-4EAC-8FED-CE21AA42D1DA}.Release|Any CPU.Build.0 = Release|Any CPU
		{D1FE38E9-E99A-4690-A7E6-638D08BC5485}.Debug|Any CPU.ActiveCfg = Debug|Any CPU
		{D1FE38E9-E99A-4690-A7E6-638D08BC5485}.Release|Any CPU.ActiveCfg = Release|Any CPU
		{D1FE38E9-E99A-4690-A7E6-638D08BC5485}.Release|Any CPU.Build.0 = Release|Any CPU
		{0E79FB7D-52DA-4429-A1CF-388F87461423}.Debug|Any CPU.ActiveCfg = Debug|Any CPU
		{0E79FB7D-52DA-4429-A1CF-388F87461423}.Debug|Any CPU.Build.0 = Debug|Any CPU
		{0E79FB7D-52DA-4429-A1CF-388F87461423}.Release|Any CPU.ActiveCfg = Release|Any CPU
		{0E79FB7D-52DA-4429-A1CF-388F87461423}.Release|Any CPU.Build.0 = Release|Any CPU
	EndGlobalSection
	GlobalSection(SolutionProperties) = preSolution
		HideSolutionNode = FALSE
	EndGlobalSection
	GlobalSection(ExtensibilityGlobals) = postSolution
		SolutionGuid = {00941943-88CA-42E1-BB28-94D665C24BE2}
	EndGlobalSection
EndGlobal
